
Microsoft Visual Studio Solution File, Format Version 12.00
# Visual Studio Version 17
VisualStudioVersion = 17.13.35818.85 d17.13
MinimumVisualStudioVersion = 10.0.40219.1
Project("{2150E333-8FDC-42A3-9474-1A3956D46DE8}") = "Docker", "Docker", "{7CF851D9-E0AB-414A-A440-33C82A12DDD5}"
EndProject
Project("{2150E333-8FDC-42A3-9474-1A3956D46DE8}") = "Solution Items", "Solution Items", "{5BC5AB75-D775-4DF0-9FFC-8E6E861DFB5E}"
	ProjectSection(SolutionItems) = preProject
		.env = .env
		.gitignore = .gitignore
		Directory.Build.props = Directory.Build.props
		Directory.Packages.props = Directory.Packages.props
		nlog.config = nlog.config
	EndProjectSection
EndProject
Project("{2150E333-8FDC-42A3-9474-1A3956D46DE8}") = "Source", "Source", "{5DEC1917-AC07-49E8-ADE0-4BC94BADE2D7}"
EndProject
Project("{E53339B2-1760-4266-BCC7-CA923CBCF16C}") = "docker-compose", "docker-compose.dcproj", "{81DDED9D-158B-E303-5F62-77A2896D2A5A}"
EndProject
Project("{FAE04EC0-301F-11D3-BF4B-00C04F79EFBC}") = "Client.Customers.Presentation", "src\Client.Customers.Presentation\Client.Customers.Presentation.csproj", "{59DDF298-FCE8-4F8B-8AC8-C014DEF23239}"
EndProject
Project("{FAE04EC0-301F-11D3-BF4B-00C04F79EFBC}") = "Client.Customers.Application", "src\Client.Customers.Application\Client.Customers.Application.csproj", "{9E7779A4-E742-4874-9D12-76AA45D70939}"
EndProject
Global
	GlobalSection(SolutionConfigurationPlatforms) = preSolution
		Debug|Any CPU = Debug|Any CPU
		Release|Any CPU = Release|Any CPU
	EndGlobalSection
	GlobalSection(ProjectConfigurationPlatforms) = postSolution
		{81DDED9D-158B-E303-5F62-77A2896D2A5A}.Debug|Any CPU.ActiveCfg = Debug|Any CPU
		{81DDED9D-158B-E303-5F62-77A2896D2A5A}.Debug|Any CPU.Build.0 = Debug|Any CPU
		{81DDED9D-158B-E303-5F62-77A2896D2A5A}.Release|Any CPU.ActiveCfg = Release|Any CPU
		{81DDED9D-158B-E303-5F62-77A2896D2A5A}.Release|Any CPU.Build.0 = Release|Any CPU
		{59DDF298-FCE8-4F8B-8AC8-C014DEF23239}.Debug|Any CPU.ActiveCfg = Debug|Any CPU
		{59DDF298-FCE8-4F8B-8AC8-C014DEF23239}.Debug|Any CPU.Build.0 = Debug|Any CPU
		{59DDF298-FCE8-4F8B-8AC8-C014DEF23239}.Release|Any CPU.ActiveCfg = Release|Any CPU
		{59DDF298-FCE8-4F8B-8AC8-C014DEF23239}.Release|Any CPU.Build.0 = Release|Any CPU
		{9E7779A4-E742-4874-9D12-76AA45D70939}.Debug|Any CPU.ActiveCfg = Debug|Any CPU
		{9E7779A4-E742-4874-9D12-76AA45D70939}.Debug|Any CPU.Build.0 = Debug|Any CPU
		{9E7779A4-E742-4874-9D12-76AA45D70939}.Release|Any CPU.ActiveCfg = Release|Any CPU
		{9E7779A4-E742-4874-9D12-76AA45D70939}.Release|Any CPU.Build.0 = Release|Any CPU
	EndGlobalSection
	GlobalSection(SolutionProperties) = preSolution
		HideSolutionNode = FALSE
	EndGlobalSection
	GlobalSection(NestedProjects) = preSolution
		{81DDED9D-158B-E303-5F62-77A2896D2A5A} = {7CF851D9-E0AB-414A-A440-33C82A12DDD5}
		{59DDF298-FCE8-4F8B-8AC8-C014DEF23239} = {5DEC1917-AC07-49E8-ADE0-4BC94BADE2D7}
		{9E7779A4-E742-4874-9D12-76AA45D70939} = {5DEC1917-AC07-49E8-ADE0-4BC94BADE2D7}
	EndGlobalSection
	GlobalSection(ExtensibilityGlobals) = postSolution
		SolutionGuid = {8B90E3A3-64AF-475D-B76B-01E14CB6613C}
	EndGlobalSection
EndGlobal